
Microsoft Visual Studio Solution File, Format Version 12.00
# Visual Studio Version 17
VisualStudioVersion = 17.14.36202.13
MinimumVisualStudioVersion = 10.0.40219.1
Project("{8BC9CEB8-8B4A-11D0-8D11-00A0C91BC942}") = "ApplicationPlatform", "applicationPlatform.vcxproj", "{0BF2E917-8670-4D15-A997-291A75B4F643}"
EndProject
Project("{8BC9CEB8-8B4A-11D0-8D11-00A0C91BC942}") = "GenericApplication", "..\GenericApplication\GenericApplication.vcxproj", "{D8CB5A73-55BC-4649-B6EB-DFF89CBA080B}"
EndProject
Project("{8BC9CEB8-8B4A-11D0-8D11-00A0C91BC942}") = "Shared", "..\Shared\Shared.vcxproj", "{10015161-C1BF-4CE4-8819-3950DAE9EE50}"
EndProject
Project("{8BC9CEB8-8B4A-11D0-8D11-00A0C91BC942}") = "GenericApplication2", "..\GenericApplication2\GenericApplication2.vcxproj", "{BE73729F-C3C3-4394-9E39-459D6D6C5B9A}"
EndProject
Project("{8BC9CEB8-8B4A-11D0-8D11-00A0C91BC942}") = "Test", "..\Test\Test.vcxproj", "{FC82FBD6-6E3E-47F8-B3E6-39500997C49A}"
EndProject
Project("{8BC9CEB8-8B4A-11D0-8D11-00A0C91BC942}") = "TEST_DFB", "..\TEST_DFB\TEST_DFB.vcxproj", "{58B395F0-D43F-48E8-9015-67B94F22FD06}"
EndProject
Project("{8BC9CEB8-8B4A-11D0-8D11-00A0C91BC942}") = "TEST_DLB", "..\TEST_DLB\TEST_DLB.vcxproj", "{F9CA3649-D43C-4B33-9CC6-00430D1155D5}"
EndProject
Project("{8BC9CEB8-8B4A-11D0-8D11-00A0C91BC942}") = "TEST_DAB", "..\TEST_DAB\TEST_DAB.vcxproj", "{CBB663AD-23CE-4262-88BE-B02F7573FEBE}"
EndProject
Project("{8BC9CEB8-8B4A-11D0-8D11-00A0C91BC942}") = "TEST_PFM", "..\TEST_PFM\TEST_PFM.vcxproj", "{402AE6F8-8633-4178-9171-834B1B64335F}"
EndProject
Project("{8BC9CEB8-8B4A-11D0-8D11-00A0C91BC942}") = "LS_DGB", "..\LS_DGB\LS_DGB.vcxproj", "{E83278A0-2B2E-4180-8E72-AD8805B0B839}"
EndProject
Project("{8BC9CEB8-8B4A-11D0-8D11-00A0C91BC942}") = "LS_DFB", "..\LS_DFB\LS_DFB.vcxproj", "{E2C389AF-FD5A-4940-BC27-D774D4B2F66C}"
EndProject
Project("{8BC9CEB8-8B4A-11D0-8D11-00A0C91BC942}") = "LS_DLB", "..\LS_DLB\LS_DLB.vcxproj", "{31C8008F-80E7-4EBA-913E-3A9A5FF7F617}"
EndProject
Project("{8BC9CEB8-8B4A-11D0-8D11-00A0C91BC942}") = "LS_DAB", "..\LS_DAB\LS_DAB.vcxproj", "{30449403-AB95-4C96-844D-7B3CA344EC36}"
EndProject
Project("{8BC9CEB8-8B4A-11D0-8D11-00A0C91BC942}") = "LS_DLogB", "..\LS_DLogB\LS_DLogB.vcxproj", "{2D9ABDB1-C3A9-48A2-869B-831AE7B3016E}"
EndProject
Global
	GlobalSection(SolutionConfigurationPlatforms) = preSolution
		Debug|x64 = Debug|x64
		Debug|x86 = Debug|x86
		Release|x64 = Release|x64
		Release|x86 = Release|x86
	EndGlobalSection
	GlobalSection(ProjectConfigurationPlatforms) = postSolution
		{0BF2E917-8670-4D15-A997-291A75B4F643}.Debug|x64.ActiveCfg = Debug|x64
		{0BF2E917-8670-4D15-A997-291A75B4F643}.Debug|x64.Build.0 = Debug|x64
		{0BF2E917-8670-4D15-A997-291A75B4F643}.Debug|x86.ActiveCfg = Debug|Win32
		{0BF2E917-8670-4D15-A997-291A75B4F643}.Debug|x86.Build.0 = Debug|Win32
		{0BF2E917-8670-4D15-A997-291A75B4F643}.Release|x64.ActiveCfg = Release|x64
		{0BF2E917-8670-4D15-A997-291A75B4F643}.Release|x64.Build.0 = Release|x64
		{0BF2E917-8670-4D15-A997-291A75B4F643}.Release|x86.ActiveCfg = Release|Win32
		{0BF2E917-8670-4D15-A997-291A75B4F643}.Release|x86.Build.0 = Release|Win32
		{D8CB5A73-55BC-4649-B6EB-DFF89CBA080B}.Debug|x64.ActiveCfg = Debug|x64
		{D8CB5A73-55BC-4649-B6EB-DFF89CBA080B}.Debug|x64.Build.0 = Debug|x64
		{D8CB5A73-55BC-4649-B6EB-DFF89CBA080B}.Debug|x86.ActiveCfg = Debug|Win32
		{D8CB5A73-55BC-4649-B6EB-DFF89CBA080B}.Debug|x86.Build.0 = Debug|Win32
		{D8CB5A73-55BC-4649-B6EB-DFF89CBA080B}.Release|x64.ActiveCfg = Release|x64
		{D8CB5A73-55BC-4649-B6EB-DFF89CBA080B}.Release|x64.Build.0 = Release|x64
		{D8CB5A73-55BC-4649-B6EB-DFF89CBA080B}.Release|x86.ActiveCfg = Release|Win32
		{D8CB5A73-55BC-4649-B6EB-DFF89CBA080B}.Release|x86.Build.0 = Release|Win32
		{10015161-C1BF-4CE4-8819-3950DAE9EE50}.Debug|x64.ActiveCfg = Debug|x64
		{10015161-C1BF-4CE4-8819-3950DAE9EE50}.Debug|x64.Build.0 = Debug|x64
		{10015161-C1BF-4CE4-8819-3950DAE9EE50}.Debug|x86.ActiveCfg = Debug|Win32
		{10015161-C1BF-4CE4-8819-3950DAE9EE50}.Debug|x86.Build.0 = Debug|Win32
		{10015161-C1BF-4CE4-8819-3950DAE9EE50}.Release|x64.ActiveCfg = Release|x64
		{10015161-C1BF-4CE4-8819-3950DAE9EE50}.Release|x64.Build.0 = Release|x64
		{10015161-C1BF-4CE4-8819-3950DAE9EE50}.Release|x86.ActiveCfg = Release|Win32
		{10015161-C1BF-4CE4-8819-3950DAE9EE50}.Release|x86.Build.0 = Release|Win32
		{BE73729F-C3C3-4394-9E39-459D6D6C5B9A}.Debug|x64.ActiveCfg = Debug|x64
		{BE73729F-C3C3-4394-9E39-459D6D6C5B9A}.Debug|x64.Build.0 = Debug|x64
		{BE73729F-C3C3-4394-9E39-459D6D6C5B9A}.Debug|x86.ActiveCfg = Debug|Win32
		{BE73729F-C3C3-4394-9E39-459D6D6C5B9A}.Debug|x86.Build.0 = Debug|Win32
		{BE73729F-C3C3-4394-9E39-459D6D6C5B9A}.Release|x64.ActiveCfg = Release|x64
		{BE73729F-C3C3-4394-9E39-459D6D6C5B9A}.Release|x64.Build.0 = Release|x64
		{BE73729F-C3C3-4394-9E39-459D6D6C5B9A}.Release|x86.ActiveCfg = Release|Win32
		{BE73729F-C3C3-4394-9E39-459D6D6C5B9A}.Release|x86.Build.0 = Release|Win32
		{FC82FBD6-6E3E-47F8-B3E6-39500997C49A}.Debug|x64.ActiveCfg = Debug|x64
		{FC82FBD6-6E3E-47F8-B3E6-39500997C49A}.Debug|x64.Build.0 = Debug|x64
		{FC82FBD6-6E3E-47F8-B3E6-39500997C49A}.Debug|x86.ActiveCfg = Debug|Win32
		{FC82FBD6-6E3E-47F8-B3E6-39500997C49A}.Debug|x86.Build.0 = Debug|Win32
		{FC82FBD6-6E3E-47F8-B3E6-39500997C49A}.Release|x64.ActiveCfg = Release|x64
		{FC82FBD6-6E3E-47F8-B3E6-39500997C49A}.Release|x64.Build.0 = Release|x64
		{FC82FBD6-6E3E-47F8-B3E6-39500997C49A}.Release|x86.ActiveCfg = Release|Win32
		{FC82FBD6-6E3E-47F8-B3E6-39500997C49A}.Release|x86.Build.0 = Release|Win32
		{58B395F0-D43F-48E8-9015-67B94F22FD06}.Debug|x64.ActiveCfg = Debug|x64
		{58B395F0-D43F-48E8-9015-67B94F22FD06}.Debug|x64.Build.0 = Debug|x64
		{58B395F0-D43F-48E8-9015-67B94F22FD06}.Debug|x86.ActiveCfg = Debug|Win32
		{58B395F0-D43F-48E8-9015-67B94F22FD06}.Debug|x86.Build.0 = Debug|Win32
		{58B395F0-D43F-48E8-9015-67B94F22FD06}.Release|x64.ActiveCfg = Release|x64
		{58B395F0-D43F-48E8-9015-67B94F22FD06}.Release|x64.Build.0 = Release|x64
		{58B395F0-D43F-48E8-9015-67B94F22FD06}.Release|x86.ActiveCfg = Release|Win32
		{58B395F0-D43F-48E8-9015-67B94F22FD06}.Release|x86.Build.0 = Release|Win32
		{F9CA3649-D43C-4B33-9CC6-00430D1155D5}.Debug|x64.ActiveCfg = Debug|x64
		{F9CA3649-D43C-4B33-9CC6-00430D1155D5}.Debug|x64.Build.0 = Debug|x64
		{F9CA3649-D43C-4B33-9CC6-00430D1155D5}.Debug|x86.ActiveCfg = Debug|Win32
		{F9CA3649-D43C-4B33-9CC6-00430D1155D5}.Debug|x86.Build.0 = Debug|Win32
		{F9CA3649-D43C-4B33-9CC6-00430D1155D5}.Release|x64.ActiveCfg = Release|x64
		{F9CA3649-D43C-4B33-9CC6-00430D1155D5}.Release|x64.Build.0 = Release|x64
		{F9CA3649-D43C-4B33-9CC6-00430D1155D5}.Release|x86.ActiveCfg = Release|Win32
		{F9CA3649-D43C-4B33-9CC6-00430D1155D5}.Release|x86.Build.0 = Release|Win32
		{CBB663AD-23CE-4262-88BE-B02F7573FEBE}.Debug|x64.ActiveCfg = Debug|x64
		{CBB663AD-23CE-4262-88BE-B02F7573FEBE}.Debug|x64.Build.0 = Debug|x64
		{CBB663AD-23CE-4262-88BE-B02F7573FEBE}.Debug|x86.ActiveCfg = Debug|Win32
		{CBB663AD-23CE-4262-88BE-B02F7573FEBE}.Debug|x86.Build.0 = Debug|Win32
		{CBB663AD-23CE-4262-88BE-B02F7573FEBE}.Release|x64.ActiveCfg = Release|x64
		{CBB663AD-23CE-4262-88BE-B02F7573FEBE}.Release|x64.Build.0 = Release|x64
		{CBB663AD-23CE-4262-88BE-B02F7573FEBE}.Release|x86.ActiveCfg = Release|Win32
		{CBB663AD-23CE-4262-88BE-B02F7573FEBE}.Release|x86.Build.0 = Release|Win32
		{402AE6F8-8633-4178-9171-834B1B64335F}.Debug|x64.ActiveCfg = Debug|x64
		{402AE6F8-8633-4178-9171-834B1B64335F}.Debug|x64.Build.0 = Debug|x64
		{402AE6F8-8633-4178-9171-834B1B64335F}.Debug|x86.ActiveCfg = Debug|Win32
		{402AE6F8-8633-4178-9171-834B1B64335F}.Debug|x86.Build.0 = Debug|Win32
		{402AE6F8-8633-4178-9171-834B1B64335F}.Release|x64.ActiveCfg = Release|x64
		{402AE6F8-8633-4178-9171-834B1B64335F}.Release|x64.Build.0 = Release|x64
		{402AE6F8-8633-4178-9171-834B1B64335F}.Release|x86.ActiveCfg = Release|Win32
		{402AE6F8-8633-4178-9171-834B1B64335F}.Release|x86.Build.0 = Release|Win32
		{E83278A0-2B2E-4180-8E72-AD8805B0B839}.Debug|x64.ActiveCfg = Debug|x64
		{E83278A0-2B2E-4180-8E72-AD8805B0B839}.Debug|x64.Build.0 = Debug|x64
		{E83278A0-2B2E-4180-8E72-AD8805B0B839}.Debug|x86.ActiveCfg = Debug|Win32
		{E83278A0-2B2E-4180-8E72-AD8805B0B839}.Debug|x86.Build.0 = Debug|Win32
		{E83278A0-2B2E-4180-8E72-AD8805B0B839}.Release|x64.ActiveCfg = Release|x64
		{E83278A0-2B2E-4180-8E72-AD8805B0B839}.Release|x64.Build.0 = Release|x64
		{E83278A0-2B2E-4180-8E72-AD8805B0B839}.Release|x86.ActiveCfg = Release|Win32
		{E83278A0-2B2E-4180-8E72-AD8805B0B839}.Release|x86.Build.0 = Release|Win32
		{E2C389AF-FD5A-4940-BC27-D774D4B2F66C}.Debug|x64.ActiveCfg = Debug|x64
		{E2C389AF-FD5A-4940-BC27-D774D4B2F66C}.Debug|x64.Build.0 = Debug|x64
		{E2C389AF-FD5A-4940-BC27-D774D4B2F66C}.Debug|x86.ActiveCfg = Debug|Win32
		{E2C389AF-FD5A-4940-BC27-D774D4B2F66C}.Debug|x86.Build.0 = Debug|Win32
		{E2C389AF-FD5A-4940-BC27-D774D4B2F66C}.Release|x64.ActiveCfg = Release|x64
		{E2C389AF-FD5A-4940-BC27-D774D4B2F66C}.Release|x64.Build.0 = Release|x64
		{E2C389AF-FD5A-4940-BC27-D774D4B2F66C}.Release|x86.ActiveCfg = Release|Win32
		{E2C389AF-FD5A-4940-BC27-D774D4B2F66C}.Release|x86.Build.0 = Release|Win32
		{31C8008F-80E7-4EBA-913E-3A9A5FF7F617}.Debug|x64.ActiveCfg = Debug|x64
		{31C8008F-80E7-4EBA-913E-3A9A5FF7F617}.Debug|x64.Build.0 = Debug|x64
		{31C8008F-80E7-4EBA-913E-3A9A5FF7F617}.Debug|x86.ActiveCfg = Debug|Win32
		{31C8008F-80E7-4EBA-913E-3A9A5FF7F617}.Debug|x86.Build.0 = Debug|Win32
		{31C8008F-80E7-4EBA-913E-3A9A5FF7F617}.Release|x64.ActiveCfg = Release|x64
		{31C8008F-80E7-4EBA-913E-3A9A5FF7F617}.Release|x64.Build.0 = Release|x64
		{31C8008F-80E7-4EBA-913E-3A9A5FF7F617}.Release|x86.ActiveCfg = Release|Win32
		{31C8008F-80E7-4EBA-913E-3A9A5FF7F617}.Release|x86.Build.0 = Release|Win32
		{30449403-AB95-4C96-844D-7B3CA344EC36}.Debug|x64.ActiveCfg = Debug|x64
		{30449403-AB95-4C96-844D-7B3CA344EC36}.Debug|x64.Build.0 = Debug|x64
		{30449403-AB95-4C96-844D-7B3CA344EC36}.Debug|x86.ActiveCfg = Debug|Win32
		{30449403-AB95-4C96-844D-7B3CA344EC36}.Debug|x86.Build.0 = Debug|Win32
		{30449403-AB95-4C96-844D-7B3CA344EC36}.Release|x64.ActiveCfg = Release|x64
		{30449403-AB95-4C96-844D-7B3CA344EC36}.Release|x64.Build.0 = Release|x64
		{30449403-AB95-4C96-844D-7B3CA344EC36}.Release|x86.ActiveCfg = Release|Win32
		{30449403-AB95-4C96-844D-7B3CA344EC36}.Release|x86.Build.0 = Release|Win32
		{2D9ABDB1-C3A9-48A2-869B-831AE7B3016E}.Debug|x64.ActiveCfg = Debug|x64
		{2D9ABDB1-C3A9-48A2-869B-831AE7B3016E}.Debug|x64.Build.0 = Debug|x64
		{2D9ABDB1-C3A9-48A2-869B-831AE7B3016E}.Debug|x86.ActiveCfg = Debug|Win32
		{2D9ABDB1-C3A9-48A2-869B-831AE7B3016E}.Debug|x86.Build.0 = Debug|Win32
		{2D9ABDB1-C3A9-48A2-869B-831AE7B3016E}.Release|x64.ActiveCfg = Release|x64
		{2D9ABDB1-C3A9-48A2-869B-831AE7B3016E}.Release|x64.Build.0 = Release|x64
		{2D9ABDB1-C3A9-48A2-869B-831AE7B3016E}.Release|x86.ActiveCfg = Release|Win32
		{2D9ABDB1-C3A9-48A2-869B-831AE7B3016E}.Release|x86.Build.0 = Release|Win32
	EndGlobalSection
	GlobalSection(SolutionProperties) = preSolution
		HideSolutionNode = FALSE
	EndGlobalSection
	GlobalSection(ExtensibilityGlobals) = postSolution
		SolutionGuid = {F4B4BD58-79D0-4AE8-8004-E773AF4E3AFA}
	EndGlobalSection
EndGlobal
